
Microsoft Visual Studio Solution File, Format Version 12.00
# Visual Studio Version 17
VisualStudioVersion = 17.0.31903.59
MinimumVisualStudioVersion = 10.0.40219.1
Project("{FAE04EC0-301F-11D3-BF4B-00C04F79EFBC}") = "Planificador", "Planificador\PlanificadorVideo.csproj", "{1669EEF9-6B2E-42C8-B008-C88F74F84F0F}"
EndProject
Project("{FAE04EC0-301F-11D3-BF4B-00C04F79EFBC}") = "DetectorApi", "DetectorApi\DetectorApi.csproj", "{0774087C-C2BC-4218-A463-ABD5A6D86F3D}"
EndProject
Project("{FAE04EC0-301F-11D3-BF4B-00C04F79EFBC}") = "PlanificadorVideo.Tests", "PlanificadorVideo.Tests\PlanificadorVideo.Tests.csproj", "{59C502F2-E8C1-4BC1-B841-828EC35C69C1}"
EndProject
Global
	GlobalSection(SolutionConfigurationPlatforms) = preSolution
		Debug|Any CPU = Debug|Any CPU
		Release|Any CPU = Release|Any CPU
	EndGlobalSection
	GlobalSection(ProjectConfigurationPlatforms) = postSolution
		{1669EEF9-6B2E-42C8-B008-C88F74F84F0F}.Debug|Any CPU.ActiveCfg = Debug|Any CPU
		{1669EEF9-6B2E-42C8-B008-C88F74F84F0F}.Debug|Any CPU.Build.0 = Debug|Any CPU
		{1669EEF9-6B2E-42C8-B008-C88F74F84F0F}.Release|Any CPU.ActiveCfg = Release|Any CPU
		{1669EEF9-6B2E-42C8-B008-C88F74F84F0F}.Release|Any CPU.Build.0 = Release|Any CPU
		{0774087C-C2BC-4218-A463-ABD5A6D86F3D}.Debug|Any CPU.ActiveCfg = Debug|Any CPU
		{0774087C-C2BC-4218-A463-ABD5A6D86F3D}.Debug|Any CPU.Build.0 = Debug|Any CPU
		{0774087C-C2BC-4218-A463-ABD5A6D86F3D}.Release|Any CPU.ActiveCfg = Release|Any CPU
		{0774087C-C2BC-4218-A463-ABD5A6D86F3D}.Release|Any CPU.Build.0 = Release|Any CPU
		{59C502F2-E8C1-4BC1-B841-828EC35C69C1}.Debug|Any CPU.ActiveCfg = Debug|Any CPU
		{59C502F2-E8C1-4BC1-B841-828EC35C69C1}.Debug|Any CPU.Build.0 = Debug|Any CPU
		{59C502F2-E8C1-4BC1-B841-828EC35C69C1}.Release|Any CPU.ActiveCfg = Release|Any CPU
		{59C502F2-E8C1-4BC1-B841-828EC35C69C1}.Release|Any CPU.Build.0 = Release|Any CPU
	EndGlobalSection
	GlobalSection(SolutionProperties) = preSolution
		HideSolutionNode = FALSE
	EndGlobalSection
EndGlobal
